
Microsoft Visual Studio Solution File, Format Version 12.00
# Visual Studio Version 17
VisualStudioVersion = 17.7.34031.279
MinimumVisualStudioVersion = 10.0.40219.1
Project("{9A19103F-16F7-4668-BE54-9A1E7A4F7556}") = "BlazorEcommerce.Server", "BlazorEcommerce\Server\BlazorEcommerce.Server.csproj", "{067DC1DB-3D40-4067-9B73-0AF0415822F2}"
EndProject
Project("{9A19103F-16F7-4668-BE54-9A1E7A4F7556}") = "BlazorEcommerce.Client", "BlazorEcommerce\Client\BlazorEcommerce.Client.csproj", "{FC14AB19-8F6F-496F-A66D-2FC268928BD6}"
EndProject
Project("{9A19103F-16F7-4668-BE54-9A1E7A4F7556}") = "BlazorEcommerce.Shared", "BlazorEcommerce\Shared\BlazorEcommerce.Shared.csproj", "{D7AE968F-C469-46E4-A226-0D97BF6A9134}"
EndProject
Project("{FAE04EC0-301F-11D3-BF4B-00C04F79EFBC}") = "BlazorAuthentication.Server", "BlazorAuthentication\Server\BlazorAuthentication.Server.csproj", "{D7CAB411-1C14-4A4C-AD03-0DF01CBA48FA}"
EndProject
Project("{FAE04EC0-301F-11D3-BF4B-00C04F79EFBC}") = "BlazorAuthentication.Client", "BlazorAuthentication\Client\BlazorAuthentication.Client.csproj", "{0BBCEDE7-BEA3-4B9B-8145-70B14CC48FE5}"
EndProject
Project("{FAE04EC0-301F-11D3-BF4B-00C04F79EFBC}") = "BlazorAuthentication.Shared", "BlazorAuthentication\Shared\BlazorAuthentication.Shared.csproj", "{488DA07C-7B4A-47DE-8C3C-D23A5AAC60C5}"
EndProject
Global
	GlobalSection(SolutionConfigurationPlatforms) = preSolution
		Debug|Any CPU = Debug|Any CPU
		Release|Any CPU = Release|Any CPU
	EndGlobalSection
	GlobalSection(ProjectConfigurationPlatforms) = postSolution
		{067DC1DB-3D40-4067-9B73-0AF0415822F2}.Debug|Any CPU.ActiveCfg = Debug|Any CPU
		{067DC1DB-3D40-4067-9B73-0AF0415822F2}.Debug|Any CPU.Build.0 = Debug|Any CPU
		{067DC1DB-3D40-4067-9B73-0AF0415822F2}.Release|Any CPU.ActiveCfg = Release|Any CPU
		{067DC1DB-3D40-4067-9B73-0AF0415822F2}.Release|Any CPU.Build.0 = Release|Any CPU
		{FC14AB19-8F6F-496F-A66D-2FC268928BD6}.Debug|Any CPU.ActiveCfg = Debug|Any CPU
		{FC14AB19-8F6F-496F-A66D-2FC268928BD6}.Debug|Any CPU.Build.0 = Debug|Any CPU
		{FC14AB19-8F6F-496F-A66D-2FC268928BD6}.Release|Any CPU.ActiveCfg = Release|Any CPU
		{FC14AB19-8F6F-496F-A66D-2FC268928BD6}.Release|Any CPU.Build.0 = Release|Any CPU
		{D7AE968F-C469-46E4-A226-0D97BF6A9134}.Debug|Any CPU.ActiveCfg = Debug|Any CPU
		{D7AE968F-C469-46E4-A226-0D97BF6A9134}.Debug|Any CPU.Build.0 = Debug|Any CPU
		{D7AE968F-C469-46E4-A226-0D97BF6A9134}.Release|Any CPU.ActiveCfg = Release|Any CPU
		{D7AE968F-C469-46E4-A226-0D97BF6A9134}.Release|Any CPU.Build.0 = Release|Any CPU
		{D7CAB411-1C14-4A4C-AD03-0DF01CBA48FA}.Debug|Any CPU.ActiveCfg = Debug|Any CPU
		{D7CAB411-1C14-4A4C-AD03-0DF01CBA48FA}.Debug|Any CPU.Build.0 = Debug|Any CPU
		{D7CAB411-1C14-4A4C-AD03-0DF01CBA48FA}.Release|Any CPU.ActiveCfg = Release|Any CPU
		{D7CAB411-1C14-4A4C-AD03-0DF01CBA48FA}.Release|Any CPU.Build.0 = Release|Any CPU
		{0BBCEDE7-BEA3-4B9B-8145-70B14CC48FE5}.Debug|Any CPU.ActiveCfg = Debug|Any CPU
		{0BBCEDE7-BEA3-4B9B-8145-70B14CC48FE5}.Debug|Any CPU.Build.0 = Debug|Any CPU
		{0BBCEDE7-BEA3-4B9B-8145-70B14CC48FE5}.Release|Any CPU.ActiveCfg = Release|Any CPU
		{0BBCEDE7-BEA3-4B9B-8145-70B14CC48FE5}.Release|Any CPU.Build.0 = Release|Any CPU
		{488DA07C-7B4A-47DE-8C3C-D23A5AAC60C5}.Debug|Any CPU.ActiveCfg = Debug|Any CPU
		{488DA07C-7B4A-47DE-8C3C-D23A5AAC60C5}.Debug|Any CPU.Build.0 = Debug|Any CPU
		{488DA07C-7B4A-47DE-8C3C-D23A5AAC60C5}.Release|Any CPU.ActiveCfg = Release|Any CPU
		{488DA07C-7B4A-47DE-8C3C-D23A5AAC60C5}.Release|Any CPU.Build.0 = Release|Any CPU
	EndGlobalSection
	GlobalSection(SolutionProperties) = preSolution
		HideSolutionNode = FALSE
	EndGlobalSection
	GlobalSection(ExtensibilityGlobals) = postSolution
		SolutionGuid = {926F1712-5C5A-4ADC-9E8B-CA376FE2CF9E}
	EndGlobalSection
EndGlobal
